
Microsoft Visual Studio Solution File, Format Version 12.00
# Visual Studio Version 17
VisualStudioVersion = 17.8.34511.84
MinimumVisualStudioVersion = 10.0.40219.1
Project("{FAE04EC0-301F-11D3-BF4B-00C04F79EFBC}") = "AxibugEmuOnline.Server", "AxibugEmuOnline.Server\AxibugEmuOnline.Server.csproj", "{38E193D4-3BEC-42D0-9616-53D7AF3937FC}"
EndProject
Project("{2150E333-8FDC-42A3-9474-1A3956D46DE8}") = "Lib", "Lib", "{F151804D-CF60-437E-ACE6-F1C04DCECBF8}"
	ProjectSection(SolutionItems) = preProject
		..\Lib\Google.Protobuf.dll = ..\Lib\Google.Protobuf.dll
		..\Lib\HaoYueNet.ServerNetwork.dll = ..\Lib\HaoYueNet.ServerNetwork.dll
	EndProjectSection
EndProject
Global
	GlobalSection(SolutionConfigurationPlatforms) = preSolution
		Debug|Any CPU = Debug|Any CPU
		Release|Any CPU = Release|Any CPU
	EndGlobalSection
	GlobalSection(ProjectConfigurationPlatforms) = postSolution
		{38E193D4-3BEC-42D0-9616-53D7AF3937FC}.Debug|Any CPU.ActiveCfg = Debug|Any CPU
		{38E193D4-3BEC-42D0-9616-53D7AF3937FC}.Debug|Any CPU.Build.0 = Debug|Any CPU
		{38E193D4-3BEC-42D0-9616-53D7AF3937FC}.Release|Any CPU.ActiveCfg = Release|Any CPU
		{38E193D4-3BEC-42D0-9616-53D7AF3937FC}.Release|Any CPU.Build.0 = Release|Any CPU
	EndGlobalSection
	GlobalSection(SolutionProperties) = preSolution
		HideSolutionNode = FALSE
	EndGlobalSection
	GlobalSection(ExtensibilityGlobals) = postSolution
		SolutionGuid = {705EF8E0-A868-4412-BC48-A7DD735C2DBD}
	EndGlobalSection
EndGlobal
